// !$*UTF8*$!
{
	archiveVersion = 1;
	classes = {
	};
	objectVersion = 46;
	objects = {

/* Begin PBXBuildFile section */
		83067D43160D5D8B006C9424 /* UIKit.framework in Frameworks */ = {isa = PBXBuildFile; fileRef = 83067D42160D5D8B006C9424 /* UIKit.framework */; };
		83067D45160D5D8B006C9424 /* Foundation.framework in Frameworks */ = {isa = PBXBuildFile; fileRef = 83067D44160D5D8B006C9424 /* Foundation.framework */; };
		83067D47160D5D8B006C9424 /* CoreGraphics.framework in Frameworks */ = {isa = PBXBuildFile; fileRef = 83067D46160D5D8B006C9424 /* CoreGraphics.framework */; };
		83067D4D160D5D8B006C9424 /* InfoPlist.strings in Resources */ = {isa = PBXBuildFile; fileRef = 83067D4B160D5D8B006C9424 /* InfoPlist.strings */; };
		83067D4F160D5D8B006C9424 /* main.m in Sources */ = {isa = PBXBuildFile; fileRef = 83067D4E160D5D8B006C9424 /* main.m */; };
		83067D53160D5D8B006C9424 /* AppDelegate.m in Sources */ = {isa = PBXBuildFile; fileRef = 83067D52160D5D8B006C9424 /* AppDelegate.m */; };
		83067D55160D5D8B006C9424 /* Default.png in Resources */ = {isa = PBXBuildFile; fileRef = 83067D54160D5D8B006C9424 /* Default.png */; };
		83067D57160D5D8B006C9424 /* Default@2x.png in Resources */ = {isa = PBXBuildFile; fileRef = 83067D56160D5D8B006C9424 /* Default@2x.png */; };
		83067D59160D5D8B006C9424 /* Default-568h@2x.png in Resources */ = {isa = PBXBuildFile; fileRef = 83067D58160D5D8B006C9424 /* Default-568h@2x.png */; };
		83067D5C160D5D8B006C9424 /* MainStoryboard.storyboard in Resources */ = {isa = PBXBuildFile; fileRef = 83067D5A160D5D8B006C9424 /* MainStoryboard.storyboard */; };
		83067D5F160D5D8B006C9424 /* ViewController.m in Sources */ = {isa = PBXBuildFile; fileRef = 83067D5E160D5D8B006C9424 /* ViewController.m */; };
		83067D6C160D6B22006C9424 /* QuartzCore.framework in Frameworks */ = {isa = PBXBuildFile; fileRef = 83067D6B160D6B22006C9424 /* QuartzCore.framework */; };
/* End PBXBuildFile section */

/* Begin PBXFileReference section */
		83067D3E160D5D8B006C9424 /* SimpleInstagramApp.app */ = {isa = PBXFileReference; explicitFileType = wrapper.application; includeInIndex = 0; path = SimpleInstagramApp.app; sourceTree = BUILT_PRODUCTS_DIR; };
		83067D42160D5D8B006C9424 /* UIKit.framework */ = {isa = PBXFileReference; lastKnownFileType = wrapper.framework; name = UIKit.framework; path = System/Library/Frameworks/UIKit.framework; sourceTree = SDKROOT; };
		83067D44160D5D8B006C9424 /* Foundation.framework */ = {isa = PBXFileReference; lastKnownFileType = wrapper.framework; name = Foundation.framework; path = System/Library/Frameworks/Foundation.framework; sourceTree = SDKROOT; };
		83067D46160D5D8B006C9424 /* CoreGraphics.framework */ = {isa = PBXFileReference; lastKnownFileType = wrapper.framework; name = CoreGraphics.framework; path = System/Library/Frameworks/CoreGraphics.framework; sourceTree = SDKROOT; };
		83067D4A160D5D8B006C9424 /* SimpleInstagramApp-Info.plist */ = {isa = PBXFileReference; lastKnownFileType = text.plist.xml; path = "SimpleInstagramApp-Info.plist"; sourceTree = "<group>"; };
		83067D4C160D5D8B006C9424 /* en */ = {isa = PBXFileReference; lastKnownFileType = text.plist.strings; name = en; path = en.lproj/InfoPlist.strings; sourceTree = "<group>"; };
		83067D4E160D5D8B006C9424 /* main.m */ = {isa = PBXFileReference; lastKnownFileType = sourcecode.c.objc; path = main.m; sourceTree = "<group>"; };
		83067D50160D5D8B006C9424 /* SimpleInstagramApp-Prefix.pch */ = {isa = PBXFileReference; lastKnownFileType = sourcecode.c.h; path = "SimpleInstagramApp-Prefix.pch"; sourceTree = "<group>"; };
		83067D51160D5D8B006C9424 /* AppDelegate.h */ = {isa = PBXFileReference; lastKnownFileType = sourcecode.c.h; path = AppDelegate.h; sourceTree = "<group>"; };
		83067D52160D5D8B006C9424 /* AppDelegate.m */ = {isa = PBXFileReference; lastKnownFileType = sourcecode.c.objc; path = AppDelegate.m; sourceTree = "<group>"; };
		83067D54160D5D8B006C9424 /* Default.png */ = {isa = PBXFileReference; lastKnownFileType = image.png; path = Default.png; sourceTree = "<group>"; };
		83067D56160D5D8B006C9424 /* Default@2x.png */ = {isa = PBXFileReference; lastKnownFileType = image.png; path = "Default@2x.png"; sourceTree = "<group>"; };
		83067D58160D5D8B006C9424 /* Default-568h@2x.png */ = {isa = PBXFileReference; lastKnownFileType = image.png; path = "Default-568h@2x.png"; sourceTree = "<group>"; };
		83067D5B160D5D8B006C9424 /* en */ = {isa = PBXFileReference; lastKnownFileType = file.storyboard; name = en; path = en.lproj/MainStoryboard.storyboard; sourceTree = "<group>"; };
		83067D5D160D5D8B006C9424 /* ViewController.h */ = {isa = PBXFileReference; lastKnownFileType = sourcecode.c.h; path = ViewController.h; sourceTree = "<group>"; };
		83067D5E160D5D8B006C9424 /* ViewController.m */ = {isa = PBXFileReference; lastKnownFileType = sourcecode.c.objc; path = ViewController.m; sourceTree = "<group>"; };
		83067D6B160D6B22006C9424 /* QuartzCore.framework */ = {isa = PBXFileReference; lastKnownFileType = wrapper.framework; name = QuartzCore.framework; path = System/Library/Frameworks/QuartzCore.framework; sourceTree = SDKROOT; };
/* End PBXFileReference section */

/* Begin PBXFrameworksBuildPhase section */
		83067D3B160D5D8B006C9424 /* Frameworks */ = {
			isa = PBXFrameworksBuildPhase;
			buildActionMask = 2147483647;
			files = (
				83067D43160D5D8B006C9424 /* UIKit.framework in Frameworks */,
				83067D45160D5D8B006C9424 /* Foundation.framework in Frameworks */,
				83067D47160D5D8B006C9424 /* CoreGraphics.framework in Frameworks */,
				83067D6C160D6B22006C9424 /* QuartzCore.framework in Frameworks */,
			);
			runOnlyForDeploymentPostprocessing = 0;
		};
/* End PBXFrameworksBuildPhase section */

/* Begin PBXGroup section */
		83067D33160D5D8B006C9424 = {
			isa = PBXGroup;
			children = (
				83067D48160D5D8B006C9424 /* SimpleInstagramApp */,
				83067D41160D5D8B006C9424 /* Frameworks */,
				83067D3F160D5D8B006C9424 /* Products */,
			);
			sourceTree = "<group>";
		};
		83067D3F160D5D8B006C9424 /* Products */ = {
			isa = PBXGroup;
			children = (
				83067D3E160D5D8B006C9424 /* SimpleInstagramApp.app */,
			);
			name = Products;
			sourceTree = "<group>";
		};
		83067D41160D5D8B006C9424 /* Frameworks */ = {
			isa = PBXGroup;
			children = (
				83067D6B160D6B22006C9424 /* QuartzCore.framework */,
				83067D42160D5D8B006C9424 /* UIKit.framework */,
				83067D44160D5D8B006C9424 /* Foundation.framework */,
				83067D46160D5D8B006C9424 /* CoreGraphics.framework */,
			);
			name = Frameworks;
			sourceTree = "<group>";
		};
		83067D48160D5D8B006C9424 /* SimpleInstagramApp */ = {
			isa = PBXGroup;
			children = (
				83067D51160D5D8B006C9424 /* AppDelegate.h */,
				83067D52160D5D8B006C9424 /* AppDelegate.m */,
				83067D5A160D5D8B006C9424 /* MainStoryboard.storyboard */,
				83067D5D160D5D8B006C9424 /* ViewController.h */,
				83067D5E160D5D8B006C9424 /* ViewController.m */,
				83067D49160D5D8B006C9424 /* Supporting Files */,
			);
			path = SimpleInstagramApp;
			sourceTree = "<group>";
		};
		83067D49160D5D8B006C9424 /* Supporting Files */ = {
			isa = PBXGroup;
			children = (
				83067D4A160D5D8B006C9424 /* SimpleInstagramApp-Info.plist */,
				83067D4B160D5D8B006C9424 /* InfoPlist.strings */,
				83067D4E160D5D8B006C9424 /* main.m */,
				83067D50160D5D8B006C9424 /* SimpleInstagramApp-Prefix.pch */,
				83067D54160D5D8B006C9424 /* Default.png */,
				83067D56160D5D8B006C9424 /* Default@2x.png */,
				83067D58160D5D8B006C9424 /* Default-568h@2x.png */,
			);
			name = "Supporting Files";
			sourceTree = "<group>";
		};
/* End PBXGroup section */

/* Begin PBXNativeTarget section */
		83067D3D160D5D8B006C9424 /* SimpleInstagramApp */ = {
			isa = PBXNativeTarget;
			buildConfigurationList = 83067D62160D5D8B006C9424 /* Build configuration list for PBXNativeTarget "SimpleInstagramApp" */;
			buildPhases = (
				83067D3A160D5D8B006C9424 /* Sources */,
				83067D3B160D5D8B006C9424 /* Frameworks */,
				83067D3C160D5D8B006C9424 /* Resources */,
			);
			buildRules = (
			);
			dependencies = (
			);
			name = SimpleInstagramApp;
			productName = SimpleInstagramApp;
			productReference = 83067D3E160D5D8B006C9424 /* SimpleInstagramApp.app */;
			productType = "com.apple.product-type.application";
		};
/* End PBXNativeTarget section */

/* Begin PBXProject section */
		83067D35160D5D8B006C9424 /* Project object */ = {
			isa = PBXProject;
			attributes = {
				LastUpgradeCheck = 0450;
				ORGANIZATIONNAME = Danil;
			};
			buildConfigurationList = 83067D38160D5D8B006C9424 /* Build configuration list for PBXProject "SimpleInstagramApp" */;
			compatibilityVersion = "Xcode 3.2";
			developmentRegion = English;
			hasScannedForEncodings = 0;
			knownRegions = (
				en,
			);
			mainGroup = 83067D33160D5D8B006C9424;
			productRefGroup = 83067D3F160D5D8B006C9424 /* Products */;
			projectDirPath = "";
			projectRoot = "";
			targets = (
				83067D3D160D5D8B006C9424 /* SimpleInstagramApp */,
			);
		};
/* End PBXProject section */

/* Begin PBXResourcesBuildPhase section */
		83067D3C160D5D8B006C9424 /* Resources */ = {
			isa = PBXResourcesBuildPhase;
			buildActionMask = 2147483647;
			files = (
				83067D4D160D5D8B006C9424 /* InfoPlist.strings in Resources */,
				83067D55160D5D8B006C9424 /* Default.png in Resources */,
				83067D57160D5D8B006C9424 /* Default@2x.png in Resources */,
				83067D59160D5D8B006C9424 /* Default-568h@2x.png in Resources */,
				83067D5C160D5D8B006C9424 /* MainStoryboard.storyboard in Resources */,
			);
			runOnlyForDeploymentPostprocessing = 0;
		};
/* End PBXResourcesBuildPhase section */

/* Begin PBXSourcesBuildPhase section */
		83067D3A160D5D8B006C9424 /* Sources */ = {
			isa = PBXSourcesBuildPhase;
			buildActionMask = 2147483647;
			files = (
				83067D4F160D5D8B006C9424 /* main.m in Sources */,
				83067D53160D5D8B006C9424 /* AppDelegate.m in Sources */,
				83067D5F160D5D8B006C9424 /* ViewController.m in Sources */,
			);
			runOnlyForDeploymentPostprocessing = 0;
		};
/* End PBXSourcesBuildPhase section */

/* Begin PBXVariantGroup section */
		83067D4B160D5D8B006C9424 /* InfoPlist.strings */ = {
			isa = PBXVariantGroup;
			children = (
				83067D4C160D5D8B006C9424 /* en */,
			);
			name = InfoPlist.strings;
			sourceTree = "<group>";
		};
		83067D5A160D5D8B006C9424 /* MainStoryboard.storyboard */ = {
			isa = PBXVariantGroup;
			children = (
				83067D5B160D5D8B006C9424 /* en */,
			);
			name = MainStoryboard.storyboard;
			sourceTree = "<group>";
		};
/* End PBXVariantGroup section */

/* Begin XCBuildConfiguration section */
		83067D60160D5D8B006C9424 /* Debug */ = {
			isa = XCBuildConfiguration;
			buildSettings = {
				ALWAYS_SEARCH_USER_PATHS = NO;
				CLANG_CXX_LANGUAGE_STANDARD = "gnu++0x";
				CLANG_CXX_LIBRARY = "libc++";
				CLANG_ENABLE_OBJC_ARC = YES;
				CLANG_WARN_EMPTY_BODY = YES;
				CLANG_WARN__DUPLICATE_METHOD_MATCH = YES;
				"CODE_SIGN_IDENTITY[sdk=iphoneos*]" = "iPhone Developer";
				COPY_PHASE_STRIP = NO;
				GCC_C_LANGUAGE_STANDARD = gnu99;
				GCC_DYNAMIC_NO_PIC = NO;
				GCC_OPTIMIZATION_LEVEL = 0;
				GCC_PREPROCESSOR_DEFINITIONS = (
					"DEBUG=1",
					"$(inherited)",
				);
				GCC_SYMBOLS_PRIVATE_EXTERN = NO;
				GCC_WARN_ABOUT_RETURN_TYPE = YES;
				GCC_WARN_UNINITIALIZED_AUTOS = YES;
				GCC_WARN_UNUSED_VARIABLE = YES;
				IPHONEOS_DEPLOYMENT_TARGET = 6.0;
				SDKROOT = iphoneos;
			};
			name = Debug;
		};
		83067D61160D5D8B006C9424 /* Release */ = {
			isa = XCBuildConfiguration;
			buildSettings = {
				ALWAYS_SEARCH_USER_PATHS = NO;
				CLANG_CXX_LANGUAGE_STANDARD = "gnu++0x";
				CLANG_CXX_LIBRARY = "libc++";
				CLANG_ENABLE_OBJC_ARC = YES;
				CLANG_WARN_EMPTY_BODY = YES;
				CLANG_WARN__DUPLICATE_METHOD_MATCH = YES;
				"CODE_SIGN_IDENTITY[sdk=iphoneos*]" = "iPhone Developer";
				COPY_PHASE_STRIP = YES;
				GCC_C_LANGUAGE_STANDARD = gnu99;
				GCC_WARN_ABOUT_RETURN_TYPE = YES;
				GCC_WARN_UNINITIALIZED_AUTOS = YES;
				GCC_WARN_UNUSED_VARIABLE = YES;
				IPHONEOS_DEPLOYMENT_TARGET = 6.0;
				OTHER_CFLAGS = "-DNS_BLOCK_ASSERTIONS=1";
				SDKROOT = iphoneos;
				VALIDATE_PRODUCT = YES;
			};
			name = Release;
		};
		83067D63160D5D8B006C9424 /* Debug */ = {
			isa = XCBuildConfiguration;
			buildSettings = {
				FRAMEWORK_SEARCH_PATHS = (
					"$(inherited)",
					"\"$(SRCROOT)\"",
				);
				GCC_PRECOMPILE_PREFIX_HEADER = YES;
				GCC_PREFIX_HEADER = "SimpleInstagramApp/SimpleInstagramApp-Prefix.pch";
				INFOPLIST_FILE = "SimpleInstagramApp/SimpleInstagramApp-Info.plist";
				PRODUCT_NAME = "$(TARGET_NAME)";
				WRAPPER_EXTENSION = app;
			};
			name = Debug;
		};
		83067D64160D5D8B006C9424 /* Release */ = {
			isa = XCBuildConfiguration;
			buildSettings = {
				FRAMEWORK_SEARCH_PATHS = (
					"$(inherited)",
					"\"$(SRCROOT)\"",
				);
				GCC_PRECOMPILE_PREFIX_HEADER = YES;
				GCC_PREFIX_HEADER = "SimpleInstagramApp/SimpleInstagramApp-Prefix.pch";
				INFOPLIST_FILE = "SimpleInstagramApp/SimpleInstagramApp-Info.plist";
				PRODUCT_NAME = "$(TARGET_NAME)";
				WRAPPER_EXTENSION = app;
			};
			name = Release;
		};
/* End XCBuildConfiguration section */

/* Begin XCConfigurationList section */
		83067D38160D5D8B006C9424 /* Build configuration list for PBXProject "SimpleInstagramApp" */ = {
			isa = XCConfigurationList;
			buildConfigurations = (
				83067D60160D5D8B006C9424 /* Debug */,
				83067D61160D5D8B006C9424 /* Release */,
			);
			defaultConfigurationIsVisible = 0;
			defaultConfigurationName = Release;
		};
		83067D62160D5D8B006C9424 /* Build configuration list for PBXNativeTarget "SimpleInstagramApp" */ = {
			isa = XCConfigurationList;
			buildConfigurations = (
				83067D63160D5D8B006C9424 /* Debug */,
				83067D64160D5D8B006C9424 /* Release */,
			);
			defaultConfigurationIsVisible = 0;
		};
/* End XCConfigurationList section */
	};
	rootObject = 83067D35160D5D8B006C9424 /* Project object */;
}
